
Microsoft Visual Studio Solution File, Format Version 12.00
# Visual Studio Version 17
VisualStudioVersion = 17.8.34525.116
MinimumVisualStudioVersion = 10.0.40219.1
Project("{FAE04EC0-301F-11D3-BF4B-00C04F79EFBC}") = "ComicParadise.Api", "ComicParadise\ComicParadise.Api.csproj", "{259BEB8F-E252-4A8A-BC74-DA4323DFC343}"
EndProject
Project("{FAE04EC0-301F-11D3-BF4B-00C04F79EFBC}") = "ComicParadise.DataContext", "ComicParadise.DataContext\ComicParadise.DataContext.csproj", "{E322CD18-D25D-4DF6-B47D-FC6C2E160D60}"
EndProject
Project("{FAE04EC0-301F-11D3-BF4B-00C04F79EFBC}") = "ComicParadise.Repository", "ComicParadise.Repository\ComicParadise.Repository.csproj", "{DA2BF37B-B90E-43D5-BFC8-3D9E174B6F47}"
EndProject
Global
	GlobalSection(SolutionConfigurationPlatforms) = preSolution
		Debug|Any CPU = Debug|Any CPU
		Release|Any CPU = Release|Any CPU
	EndGlobalSection
	GlobalSection(ProjectConfigurationPlatforms) = postSolution
		{259BEB8F-E252-4A8A-BC74-DA4323DFC343}.Debug|Any CPU.ActiveCfg = Debug|Any CPU
		{259BEB8F-E252-4A8A-BC74-DA4323DFC343}.Debug|Any CPU.Build.0 = Debug|Any CPU
		{259BEB8F-E252-4A8A-BC74-DA4323DFC343}.Release|Any CPU.ActiveCfg = Release|Any CPU
		{259BEB8F-E252-4A8A-BC74-DA4323DFC343}.Release|Any CPU.Build.0 = Release|Any CPU
		{E322CD18-D25D-4DF6-B47D-FC6C2E160D60}.Debug|Any CPU.ActiveCfg = Debug|Any CPU
		{E322CD18-D25D-4DF6-B47D-FC6C2E160D60}.Debug|Any CPU.Build.0 = Debug|Any CPU
		{E322CD18-D25D-4DF6-B47D-FC6C2E160D60}.Release|Any CPU.ActiveCfg = Release|Any CPU
		{E322CD18-D25D-4DF6-B47D-FC6C2E160D60}.Release|Any CPU.Build.0 = Release|Any CPU
		{DA2BF37B-B90E-43D5-BFC8-3D9E174B6F47}.Debug|Any CPU.ActiveCfg = Debug|Any CPU
		{DA2BF37B-B90E-43D5-BFC8-3D9E174B6F47}.Debug|Any CPU.Build.0 = Debug|Any CPU
		{DA2BF37B-B90E-43D5-BFC8-3D9E174B6F47}.Release|Any CPU.ActiveCfg = Release|Any CPU
		{DA2BF37B-B90E-43D5-BFC8-3D9E174B6F47}.Release|Any CPU.Build.0 = Release|Any CPU
	EndGlobalSection
	GlobalSection(SolutionProperties) = preSolution
		HideSolutionNode = FALSE
	EndGlobalSection
	GlobalSection(ExtensibilityGlobals) = postSolution
		SolutionGuid = {0090CBF3-C1B2-4E29-8346-525C1C6B398F}
	EndGlobalSection
EndGlobal
